version = 1
revision = 3
requires-python = ">=3.12"

[manifest]
members = [
    "firefly",
    "firefly-mujoco",
    "firefly-sim",
]

[[package]]
name = "absl-py"
version = "2.5.0"
source = { registry = "https://pypi.org/simple" }
sdist = { url = "https://files.pythonhosted.org/packages/d0/4f/d79676ab82f2e42fc3611618139f13a9c4c31d0cff4b486982047679a802/absl_py-2.5.0.tar.gz", hash = "sha256:0c996f25c0490700fadabe6351630f6111534fa0ae252cc6d2014ea3b141135f", size = 118119, upload-time = "2026-07-03T10:57:48.157Z" }
wheels = [
    { url = "https://files.pythonhosted.org/packages/58/0a/a10b45aab35b175aded078a462dc8d0c698f5b13946e7cb0869097b78bb6/absl_py-2.5.0-py3-none-any.whl", hash = "sha256:0f17b89f2a4eaaedc4f28c622998aa690564b3012a396a4ffad0821007fe03ba", size = 137410, upload-time = "2026-07-03T10:57:46.735Z" },
]

[[package]]
name = "colorama"
version = "0.4.6"
source = { registry = "https://pypi.org/simple" }
sdist = { url = "https://files.pythonhosted.org/packages/d8/53/6f443c9a4a8358a93a6792e2acffb9d9d5cb0a5cfd8802644b7b1c9a02e4/colorama-0.4.6.tar.gz", hash = "sha256:08695f5cb7ed6e0531a20572697297273c47b8cae5a63ffc6d6ed5c201be6e44", size = 27697, upload-time = "2022-10-25T02:36:22.414Z" }
wheels = [
    { url = "https://files.pythonhosted.org/packages/d1/d6/3965ed04c63042e047cb6a3e6ed1a63a35087b6a609aa3a15ed8ac56c221/colorama-0.4.6-py2.py3-none-any.whl", hash = "sha256:4f1d9991f5acc0ca119f9d443620b77f9d6b33703e51011c16baf57afb285fc6", size = 25335, upload-time = "2022-10-25T02:36:20.889Z" },
]

[[package]]
name = "etils"
version = "1.14.0"
source = { registry = "https://pypi.org/simple" }
sdist = { url = "https://files.pythonhosted.org/packages/26/ce/6e067242fde898841922ac6fc82b0bb2fe35c38e995880bdffdfbe30182a/etils-1.14.0.tar.gz", hash = "sha256:8136e7f4c4173cd0af0ca5481c4475152f0b8686192951eefa60ee8711e1ede4", size = 108127, upload-time = "2026-03-04T17:41:36.291Z" }
wheels = [
    { url = "https://files.pythonhosted.org/packages/5a/3d/589663aeeacd59bb2f3e8596bfd3e81cf0fb18d70bb433199041f469771b/etils-1.14.0-py3-none-any.whl", hash = "sha256:b5df7341f54dbe1405a4450b2741207b4a8c279780402b45f87202b94dfc52b4", size = 172934, upload-time = "2026-03-04T17:41:35.01Z" },
]

[package.optional-dependencies]
epath = [
    { name = "fsspec" },
    { name = "typing-extensions" },
    { name = "zipp" },
]

[[package]]
name = "firefly"
version = "0.1.0"
source = { virtual = "." }
dependencies = [
    { name = "firefly-mujoco" },
    { name = "firefly-sim" },
]

[package.metadata]
requires-dist = [
    { name = "firefly-mujoco", editable = "packages/firefly-mujoco" },
    { name = "firefly-sim", editable = "apps/firefly-sim" },
]

[[package]]
name = "firefly-mujoco"
version = "0.1.0"
source = { editable = "packages/firefly-mujoco" }
dependencies = [
    { name = "mujoco" },
    { name = "numpy" },
]

[package.metadata]
requires-dist = [
    { name = "mujoco", specifier = ">=3.11,<4" },
    { name = "numpy", specifier = ">=2,<3" },
]

[[package]]
name = "firefly-sim"
version = "0.1.0"
source = { editable = "apps/firefly-sim" }
dependencies = [
    { name = "firefly-mujoco" },
    { name = "iceoryx2" },
    { name = "numpy" },
    { name = "opentelemetry-api" },
    { name = "opentelemetry-sdk" },
]

[package.optional-dependencies]
test = [
    { name = "pytest" },
    { name = "pytest-asyncio" },
]

[package.metadata]
requires-dist = [
    { name = "firefly-mujoco", editable = "packages/firefly-mujoco" },
    { name = "iceoryx2", specifier = "==0.9.3" },
    { name = "numpy", specifier = ">=2,<3" },
    { name = "opentelemetry-api", specifier = ">=1.44,<2" },
    { name = "opentelemetry-sdk", specifier = ">=1.44,<2" },
    { name = "pytest", marker = "extra == 'test'", specifier = ">=8.0" },
    { name = "pytest-asyncio", marker = "extra == 'test'", specifier = ">=0.23" },
]
provides-extras = ["test"]

[[package]]
name = "fsspec"
version = "2026.7.0"
source = { registry = "https://pypi.org/simple" }
sdist = { url = "https://files.pythonhosted.org/packages/00/78/f34251dadb8f3921264a1d9b8946f5e542014ee2614b285261b4e40e6775/fsspec-2026.7.0.tar.gz", hash = "sha256:c803c40f4cf860b49dea58ee3e1c33cb9c790520e233537e1340049f89b82a88", size = 317040, upload-time = "2026-07-28T16:34:51.052Z" }
wheels = [
    { url = "https://files.pythonhosted.org/packages/fd/3c/6a2bf344106328fd04963664a60b9bb6496fc25df8e962fcdc1367285fb9/fsspec-2026.7.0-py3-none-any.whl", hash = "sha256:b57ddbafedfaef7018c1ecab32aa200a9d7ca26b77965f64e48b70061249d279", size = 206583, upload-time = "2026-07-28T16:34:49.538Z" },
]

[[package]]
name = "glfw"
version = "2.10.2"
source = { registry = "https://pypi.org/simple" }
sdist = { url = "https://files.pythonhosted.org/packages/0f/62/096058bcb4b4fb28f7ecd28fb048f07969d90b243c417af5f6d09d45a0c2/glfw-2.10.2.tar.gz", hash = "sha256:5d2cf97c66bc42a6b583be0e307eae5a3945438322e2ed0c5e4f14dc251d693d", size = 36307, upload-time = "2026-07-21T14:42:36.732Z" }
wheels = [
    { url = "https://files.pythonhosted.org/packages/c4/80/5e575ec14f54dc0a644e7215985b9ee7c5044fcc3594d6b83dfdeb04ccd4/glfw-2.10.2-py2.py3-none-macosx_10_6_intel.whl", hash = "sha256:a04d25bb535a3a29e173ea1abd658e161681b5d3816e00bc51c122f74cd7fa3a", size = 110295, upload-time = "2026-07-21T14:42:25.625Z" },
    { url = "https://files.pythonhosted.org/packages/e5/2e/22216db429690aa51fa87d2e2b5e6b610c5a37b9df7768da2927f52f8704/glfw-2.10.2-py2.py3-none-macosx_11_0_arm64.whl", hash = "sha256:c000b8a5e5fb4374b2c18d12347255ccb92001b9bcf80ef74c56072acbb98fe3", size = 107146, upload-time = "2026-07-21T14:42:26.854Z" },
    { url = "https://files.pythonhosted.org/packages/75/a4/9ccee9d5c3b9c5d6bafce3e8d53ab8318eff30124e3c19b95580bebaa6d4/glfw-2.10.2-py2.py3-none-manylinux2014_aarch64.whl", hash = "sha256:0ffe2b48b51f37b05e8f027f57c0b8cd213affaf22fc83401bd9621692d4c6c8", size = 235005, upload-time = "2026-07-21T14:42:27.955Z" },
    { url = "https://files.pythonhosted.org/packages/77/44/37aeed50c581c76e1c5bb83b696a06f98f8ecc979ed8564dde3eef908e8b/glfw-2.10.2-py2.py3-none-manylinux2014_x86_64.whl", hash = "sha256:82daf1f87b2a48815637dc6f6720d4a55a57ba1d3683322dc20dc28065754f97", size = 246951, upload-time = "2026-07-21T14:42:29.107Z" },
    { url = "https://files.pythonhosted.org/packages/52/fc/29b4f1a8c8e33d8934781330a0845458b01da7f389d9fe6a3350e752b7f3/glfw-2.10.2-py2.py3-none-manylinux_2_28_aarch64.whl", hash = "sha256:7604425ec95665cc6a25c3ed7d07e9660d394a34472ceffaec0843c844e7b649", size = 236018, upload-time = "2026-07-21T14:42:30.623Z" },
    { url = "https://files.pythonhosted.org/packages/69/84/1b98671314ea5f40397586b6cd14db913de3196333be558fdc177e61708f/glfw-2.10.2-py2.py3-none-manylinux_2_28_x86_64.whl", hash = "sha256:b860de3ca0686182483f98f3ddd12e660acf25b3e0d521450ec9a3f999f72a65", size = 248490, upload-time = "2026-07-21T14:42:32.377Z" },
    { url = "https://files.pythonhosted.org/packages/12/d9/bd2e6c8dbadcf69fcd2289705e75881258b46221c196903a52e9f6e97322/glfw-2.10.2-py2.py3-none-win32.whl", hash = "sha256:a94aefe8c48886fd83cd6e11e936846166a4b5b94abf1f4bf599d984774b0b1b", size = 557654, upload-time = "2026-07-21T14:42:33.903Z" },
    { url = "https://files.pythonhosted.org/packages/e0/6c/4ca5f3ab85a8d7f612ce857208726e9b834e54e559751e3d4f98cc2f7509/glfw-2.10.2-py2.py3-none-win_amd64.whl", hash = "sha256:15fd0666cd8f1b0ecb535c3abb712b8ddda053bf8d16de2353b1c6ced0e65402", size = 564433, upload-time = "2026-07-21T14:42:35.465Z" },
]

[[package]]
name = "iceoryx2"
version = "0.9.3"
source = { registry = "https://pypi.org/simple" }
sdist = { url = "https://files.pythonhosted.org/packages/96/ec/0dac053c0b7b30dbf03c7dde35aa18f96c44c5108eb99e7ac4411a0cf522/iceoryx2-0.9.3.tar.gz", hash = "sha256:9397a27700f897b7c54596ae11beb75f81c9e3ac8f36753a63ff0d938b194d75", size = 884049, upload-time = "2026-07-08T13:31:27.723Z" }
wheels = [
    { url = "https://files.pythonhosted.org/packages/56/7e/c426608a8c7ce3872148fdfa79298b200d5db4e5f0f74c6195f764086f87/iceoryx2-0.9.3-cp314-cp314t-macosx_11_0_arm64.whl", hash = "sha256:052360c1e808326f8d51e859dfa10afb8f92f1d4f2b08761bc65a70d8daa9c40", size = 1260448, upload-time = "2026-07-08T13:31:13.833Z" },
    { url = "https://files.pythonhosted.org/packages/57/3a/45a5e694ee5196e5186976d8081a66ec647ada22c2685d9dd9a4fb80748e/iceoryx2-0.9.3-cp314-cp314t-manylinux_2_34_x86_64.whl", hash = "sha256:eeaf2fff57d1f37c8a1817be34439b8f41f85851fe059ab09510652197a85392", size = 1522644, upload-time = "2026-07-08T13:31:16.461Z" },
    { url = "https://files.pythonhosted.org/packages/97/c6/a6d2fea57874fb8f95194c7ad59bc4aaaa8cda33026ef941103ec4b098e4/iceoryx2-0.9.3-cp314-cp314t-win_amd64.whl", hash = "sha256:6452c755886a77a134dc19f1ff34e0bf5ed911c8d8cc1a73b3961258083b6770", size = 1369908, upload-time = "2026-07-08T13:31:18.744Z" },
    { url = "https://files.pythonhosted.org/packages/c8/c5/f92b03d8d16ca11c56bec29d617a122b1d8b70cd411e258e794b2eac6c99/iceoryx2-0.9.3-cp38-abi3-macosx_11_0_arm64.whl", hash = "sha256:d8ba2ba50061eeb8c7a2ff7bca39232bf46578b37c4eaedfcd05edc8ecf3c7a2", size = 1275041, upload-time = "2026-07-08T13:31:21.331Z" },
    { url = "https://files.pythonhosted.org/packages/d6/48/7efea208b1a16c28cba798d8d6d296eb7efaa2690ed3e5de818d6ff69fdf/iceoryx2-0.9.3-cp38-abi3-manylinux_2_34_x86_64.whl", hash = "sha256:146f285b62ea8fe94ec10474e41e36367bb165fadc50c8b9a4abf514875f231d", size = 1526176, upload-time = "2026-07-08T13:31:23.52Z" },
    { url = "https://files.pythonhosted.org/packages/75/fb/b95a9769713ddb045c1da1183be3a3c0b92dfad80d13424ca929ec98c70f/iceoryx2-0.9.3-cp38-abi3-win_amd64.whl", hash = "sha256:f5e7e827dc802b630e728baba19da2b9c9092cf70b7d152222c921db39d2298a", size = 1374690, upload-time = "2026-07-08T13:31:25.885Z" },
]

[[package]]
name = "iniconfig"
version = "2.3.0"
source = { registry = "https://pypi.org/simple" }
sdist = { url = "https://files.pythonhosted.org/packages/72/34/14ca021ce8e5dfedc35312d08ba8bf51fdd999c576889fc2c24cb97f4f10/iniconfig-2.3.0.tar.gz", hash = "sha256:c76315c77db068650d49c5b56314774a7804df16fee4402c1f19d6d15d8c4730", size = 20503, upload-time = "2025-10-18T21:55:43.219Z" }
wheels = [
    { url = "https://files.pythonhosted.org/packages/cb/b1/3846dd7f199d53cb17f49cba7e651e9ce294d8497c8c150530ed11865bb8/iniconfig-2.3.0-py3-none-any.whl", hash = "sha256:f631c04d2c48c52b84d0d0549c99ff3859c98df65b3101406327ecc7d53fbf12", size = 7484, upload-time = "2025-10-18T21:55:41.639Z" },
]

[[package]]
name = "mujoco"
version = "3.11.0"
source = { registry = "https://pypi.org/simple" }
dependencies = [
    { name = "absl-py" },
    { name = "etils", extra = ["epath"] },
    { name = "glfw" },
    { name = "numpy" },
    { name = "pyopengl" },
]
sdist = { url = "https://files.pythonhosted.org/packages/3b/2d/290f3f4062eec1c0d5246de0a75f1b18b59a1961081f49ddc97333fc8263/mujoco-3.11.0.tar.gz", hash = "sha256:390856102af9547dfd87cb2791eb105a3d2e00a37323fe9a12ed17e512aff1a6", size = 1139880, upload-time = "2026-07-28T01:23:32.252Z" }
wheels = [
    { url = "https://files.pythonhosted.org/packages/87/b3/b2b449b5978bcb13277c9e50d764e6d8cd9534f58f071fb1647724123e2c/mujoco-3.11.0-cp312-cp312-macosx_11_0_arm64.whl", hash = "sha256:3609c198de090c8218b9cc62ca6133f0feede8edd103b743b8002f3f735fcd9b", size = 17511145, upload-time = "2026-07-28T01:22:43.668Z" },
    { url = "https://files.pythonhosted.org/packages/1a/65/d8130bb8a673f9cdc8a8fb2ef02f9b6931708567de57f17395106e83b4e3/mujoco-3.11.0-cp312-cp312-manylinux_2_27_aarch64.manylinux_2_28_aarch64.whl", hash = "sha256:517bff03623c3329a563f575afd7d731b0be5c4f92a54dcec934b99120b4a9ec", size = 17704436, upload-time = "2026-07-28T01:22:47.05Z" },
    { url = "https://files.pythonhosted.org/packages/41/d6/7b79f5d8fbd019658a3b5feb6ffd09c1e727eaf93f518685d3cc105a28f5/mujoco-3.11.0-cp312-cp312-manylinux_2_27_x86_64.manylinux_2_28_x86_64.whl", hash = "sha256:f40214fefc8c2fe0002a3c8abadf30de7a3330634f3c45cc29b407b40a0173fc", size = 18868030, upload-time = "2026-07-28T01:22:50.494Z" },
    { url = "https://files.pythonhosted.org/packages/19/46/f994cd7d973c4db4f6b5af19ba6eb62703b9aafc8f894c5bc5ceadd31b0d/mujoco-3.11.0-cp312-cp312-win_amd64.whl", hash = "sha256:98c08a5eec9411ecd6f763f1e635fbc8f31e3ea3701584d6b7edcc24d8d6c575", size = 15791637, upload-time = "2026-07-28T01:22:53.922Z" },
    { url = "https://files.pythonhosted.org/packages/d7/16/4b822d608cb4bc5aafe910b6f6947c73ecd467470935408e4ad0d207023e/mujoco-3.11.0-cp313-cp313-macosx_11_0_arm64.whl", hash = "sha256:dd282aae46dc7350472bd4a81dd789ea011ff961c00fd60c9434e67bfd0519a3", size = 17511474, upload-time = "2026-07-28T01:22:57.111Z" },
    { url = "https://files.pythonhosted.org/packages/47/73/4cbe741986ed86f13e86ad92a11de870bdec4979eaafcbc7ef3164680260/mujoco-3.11.0-cp313-cp313-manylinux_2_27_aarch64.manylinux_2_28_aarch64.whl", hash = "sha256:b1ea2ed1d20b7cca55fc1e0257f2d4f6ab6e83855f669530fb3f55c85da80aac", size = 17704381, upload-time = "2026-07-28T01:23:00.158Z" },
    { url = "https://files.pythonhosted.org/packages/90/2e/843071e21831fa5ef4029de6874789f9fd32f340d42fced383757c484bdd/mujoco-3.11.0-cp313-cp313-manylinux_2_27_x86_64.manylinux_2_28_x86_64.whl", hash = "sha256:3379c36b508474127b08e51e77942c493c2f1d7215b425e3b95de08dcba662e0", size = 18868301, upload-time = "2026-07-28T01:23:03.054Z" },
    { url = "https://files.pythonhosted.org/packages/bb/25/2a518a33b359b0798a9e8b55f30a4c9ab0cadd0cab8d85872ff9da6ca309/mujoco-3.11.0-cp313-cp313-win_amd64.whl", hash = "sha256:d48b4a18d409ce4c746f32b3b402a8419b7450d9a89de68b81d73a3ef333d0e4", size = 15792231, upload-time = "2026-07-28T01:23:05.798Z" },
    { url = "https://files.pythonhosted.org/packages/36/56/1d434ab8e072a6ca9074a27951cc08770db50daa4f2908fc51c8fe1c73dd/mujoco-3.11.0-cp314-cp314-macosx_11_0_arm64.whl", hash = "sha256:d0f031b5b747a96c07938a47305f46079b75697282723e3ae1864c089bb56c02", size = 17525650, upload-time = "2026-07-28T01:23:08.562Z" },
    { url = "https://files.pythonhosted.org/packages/5f/5a/f2fce0b815a51a3cb87d62e0fb3647f8d10330b30a8e7d381b733773263e/mujoco-3.11.0-cp314-cp314-manylinux_2_27_aarch64.manylinux_2_28_aarch64.whl", hash = "sha256:eeb372621f885a0ad16ef879c91ff74d47b3b9533babdc16e07303836a23d27e", size = 17720735, upload-time = "2026-07-28T01:23:11.205Z" },
    { url = "https://files.pythonhosted.org/packages/f9/98/fad81239c7b827a64a472206a6bff5346e3fa949e6ce4945595329d3fdc7/mujoco-3.11.0-cp314-cp314-manylinux_2_27_x86_64.manylinux_2_28_x86_64.whl", hash = "sha256:06af29af1fa40156126165f2634481ef7c0f8dabb9f07892c5af30039c5a59dc", size = 18866078, upload-time = "2026-07-28T01:23:13.982Z" },
    { url = "https://files.pythonhosted.org/packages/81/33/93ba5542249502ab9d7c1d1f3e38cd915a0259bc4c8cd124c05dbe17e7bb/mujoco-3.11.0-cp314-cp314-win_amd64.whl", hash = "sha256:2a9bf53284604397b7cd041cecb22c8f6b10afdddb4c723d5ff493f9f6b630d7", size = 16436726, upload-time = "2026-07-28T01:23:29.6Z" },
    { url = "https://files.pythonhosted.org/packages/5b/b8/bc0835e43ed36ab465b4c3b1f6f8324c025207acc4d1e9c24ffaa4ebfb87/mujoco-3.11.0-cp314-cp314t-macosx_11_0_arm64.whl", hash = "sha256:b2be7535332976a82ec69a118cdeb3db3580aba19e3d82bca91c95a416e2a9ce", size = 17696886, upload-time = "2026-07-28T01:23:17.225Z" },
    { url = "https://files.pythonhosted.org/packages/36/a4/8444786ee44588a02842069eeaca31fc1a25357ac9b5ef03d96e424dc8fd/mujoco-3.11.0-cp314-cp314t-manylinux_2_27_aarch64.manylinux_2_28_aarch64.whl", hash = "sha256:80cf42c0153d8dac61fb56724ba3fd8b0e0fb7093c013d57ae9e51f894262338", size = 17952805, upload-time = "2026-07-28T01:23:20.432Z" },
    { url = "https://files.pythonhosted.org/packages/7b/bd/46a43763dac53e840a9ce1f204f9d80fb07fc7c2a6805cb023fdc35a0986/mujoco-3.11.0-cp314-cp314t-manylinux_2_27_x86_64.manylinux_2_28_x86_64.whl", hash = "sha256:8205329fce598bc3aede8ef530da6a70c529c8f4a91efdc79933614ba3f126fb", size = 19029401, upload-time = "2026-07-28T01:23:23.656Z" },
    { url = "https://files.pythonhosted.org/packages/ad/d8/10200a2c1dc65738bc21375b23fe986e4bf435be045ea91eaf698e86cfd7/mujoco-3.11.0-cp314-cp314t-win_amd64.whl", hash = "sha256:0804a70ccd9b669ed36e1ede45781d0d707f2940d560ed756647cc8d9ade847c", size = 16460526, upload-time = "2026-07-28T01:23:26.81Z" },
]

[[package]]
name = "numpy"
version = "2.5.2"
source = { registry = "https://pypi.org/simple" }
sdist = { url = "https://files.pythonhosted.org/packages/9a/80/db0b4559e57ec36362bedbb05530a87fafbcb6067708c946967a41d449e7/numpy-2.5.2.tar.gz", hash = "sha256:d482d171c406ae88c5b19cad3b6a1c4c5209f886ab74bc44c2c865c23f52d860", size = 20773161, upload-time = "2026-08-09T13:48:27.962Z" }
wheels = [
    { url = "https://files.pythonhosted.org/packages/69/72/dccb0aaf40972777283303919f613964227266d0c13adebb79ac124f1c3e/numpy-2.5.2-cp312-cp312-macosx_10_13_x86_64.whl", hash = "sha256:14e373cfc6387177e8409dac3c7159be8eb05cd77096cd7c950268b86f62831c", size = 16891693, upload-time = "2026-08-09T13:44:51.702Z" },
    { url = "https://files.pythonhosted.org/packages/60/2e/b5aee50a1f74ac815cf8331812cb8251e29024025de462e0c047641c614c/numpy-2.5.2-cp312-cp312-macosx_11_0_arm64.whl", hash = "sha256:4bbd96c833ecc8cc069ce518078fc8c60cb9cbfb0fea5b7a803ad65035596d03", size = 11903109, upload-time = "2026-08-09T13:44:55.501Z" },
    { url = "https://files.pythonhosted.org/packages/f3/f4/29e78102a80601cf034d4e9767022cffeca2c3b4c926e1754572ca95593d/numpy-2.5.2-cp312-cp312-macosx_14_0_arm64.whl", hash = "sha256:6e8172ddfcf5cf74b811d372b570b83c60bd2de87a6fbfbebdadb4a9bd9c6cbb", size = 5350202, upload-time = "2026-08-09T13:44:58.401Z" },
    { url = "https://files.pythonhosted.org/packages/11/4b/dcd3b7eadaf4035d2c7a4289d232523a6964f602598ef7674e4bd7291f93/numpy-2.5.2-cp312-cp312-macosx_14_0_x86_64.whl", hash = "sha256:65f188481f1669e26f62b701e8205d19e460fa4a9b52a1414ba382330e4a3414", size = 6687736, upload-time = "2026-08-09T13:45:00.813Z" },
    { url = "https://files.pythonhosted.org/packages/e5/21/4947e0e9d6c9fc2e2ff15b8949049ee44f63adb9cacc729ab8793f97e712/numpy-2.5.2-cp312-cp312-manylinux_2_27_aarch64.manylinux_2_28_aarch64.whl", hash = "sha256:8ee9c4eeb8454b3660a8b53493563c3e121c2fc94fbd72b848ef814ed7b676a9", size = 15612696, upload-time = "2026-08-09T13:45:04.151Z" },
    { url = "https://files.pythonhosted.org/packages/3a/5f/62d28cf019460c7f1394105b4d49d9911a9c444cb77ab0bd95a204c5a6de/numpy-2.5.2-cp312-cp312-manylinux_2_27_x86_64.manylinux_2_28_x86_64.whl", hash = "sha256:3cdec01fa790a186d430433fdd4d4ffb70eed6f0eeb4bf05c8dbe2dce0a9bcb8", size = 16722264, upload-time = "2026-08-09T13:45:07.714Z" },
    { url = "https://files.pythonhosted.org/packages/14/25/3f0be4c1b9fdf5dd5e708a6806978564d7c46a055c000496309ff2a2f8af/numpy-2.5.2-cp312-cp312-musllinux_1_2_aarch64.whl", hash = "sha256:7999d4ddb0c4025018373fd787510d46e04c769467af22869707b3c1cfd459ab", size = 16974396, upload-time = "2026-08-09T13:45:11.316Z" },
    { url = "https://files.pythonhosted.org/packages/22/72/6262cbdeeb45da9d971e40715f579d791603ba8ec0b5e2db1ac55454421d/numpy-2.5.2-cp312-cp312-musllinux_1_2_x86_64.whl", hash = "sha256:c1f017dc0875c9209d219f97feceb7d54c2661bb243deb4114478e1295808af7", size = 18476044, upload-time = "2026-08-09T13:45:14.869Z" },
    { url = "https://files.pythonhosted.org/packages/36/33/29208b8b075bde62d26a81d14b358c42b0f69b6cabd98d4ff97f37f22b05/numpy-2.5.2-cp312-cp312-win32.whl", hash = "sha256:d6a48072864e3324e194a8fbb3c657bcc5b5c869dbc64c9537b1d5c862572c0a", size = 6072817, upload-time = "2026-08-09T13:45:17.867Z" },
    { url = "https://files.pythonhosted.org/packages/7f/b9/87fea2769fe1c47c1b5b01d8310772c9d1a85d485de7cf386ef7a3332b02/numpy-2.5.2-cp312-cp312-win_amd64.whl", hash = "sha256:28ac63476ec7651484215ee7fa15a1f78b57c14621f01e392afe17b9a1390ce4", size = 12464674, upload-time = "2026-08-09T13:45:20.734Z" },
    { url = "https://files.pythonhosted.org/packages/14/52/032b97e00461ab0809bbe4c588b035620e5a14b8cdee47ecddefc7b17d33/numpy-2.5.2-cp312-cp312-win_arm64.whl", hash = "sha256:27650bb0e7140fa3d37b9923b4803645e0b125d190f326eecfd3f4dad8e8ade1", size = 10397131, upload-time = "2026-08-09T13:45:23.73Z" },
    { url = "https://files.pythonhosted.org/packages/f5/d2/6b24738a0ef4557d189b150046cd07823c50e4273e8aebd651222e24306f/numpy-2.5.2-cp313-cp313-macosx_10_13_x86_64.whl", hash = "sha256:8e4cb9a754c8a0c62eaa88273a5fba3391f4a610d1dee893c0755da31c083f15", size = 16886595, upload-time = "2026-08-09T13:45:27.323Z" },
    { url = "https://files.pythonhosted.org/packages/65/60/f2d208d366f263f39c6e69ed309290717aab41078b6d04c9be2a84fa2a07/numpy-2.5.2-cp313-cp313-macosx_11_0_arm64.whl", hash = "sha256:52c808f96484f5571a5cc863775ce50247c17dfb3b0361f8ed6b4b0456f80080", size = 11896845, upload-time = "2026-08-09T13:45:31.638Z" },
    { url = "https://files.pythonhosted.org/packages/3c/79/81e0bf24f4d020a2b1d5cd297a9f60c3f24eeb116f9bba5870443f7b6a4a/numpy-2.5.2-cp313-cp313-macosx_14_0_arm64.whl", hash = "sha256:29d81e97f668489cba8ebfd796b9bdd453525d35dd9e162e2daec94bf3fc7740", size = 5343880, upload-time = "2026-08-09T13:45:34.373Z" },
    { url = "https://files.pythonhosted.org/packages/ba/cc/e3141cf06d1a8a2c7e107543fe1269c1d1af760d4d683c0794a4ee1127c2/numpy-2.5.2-cp313-cp313-macosx_14_0_x86_64.whl", hash = "sha256:afb3f0632d6b2e3ba04dbce8d1e48d321b369138b73830b5ca371a0e8d479d56", size = 6682264, upload-time = "2026-08-09T13:45:36.7Z" },
    { url = "https://files.pythonhosted.org/packages/29/f1/2a64a307d92c5d98f5255a4014eb43bb6103ee477087b61ecae44a3aa9b9/numpy-2.5.2-cp313-cp313-manylinux_2_27_aarch64.manylinux_2_28_aarch64.whl", hash = "sha256:0aadf13b60048d501e05fa699efaf7734e2494f3498a4c2a5521d822640324f3", size = 15609566, upload-time = "2026-08-09T13:45:39.518Z" },
    { url = "https://files.pythonhosted.org/packages/7b/44/59a1eb68e773c4098d107ef34a0dbdeca501d72ffcfbff9a7707343921ce/numpy-2.5.2-cp313-cp313-manylinux_2_27_x86_64.manylinux_2_28_x86_64.whl", hash = "sha256:29b86ff8a6cc556b47ec6b64b194815cc80e6bf5eedcc6cddfd65318cb0b4eee", size = 16709995, upload-time = "2026-08-09T13:45:43.661Z" },
    { url = "https://files.pythonhosted.org/packages/8a/4c/3e54d4ddbc359a1295f8b633e8106bcd4d7d4a206e82df051bdfb3058755/numpy-2.5.2-cp313-cp313-musllinux_1_2_aarch64.whl", hash = "sha256:6950c4b7dd562453090548ba7f5da7e59f57f85663f15d5dcc60e249192f7e59", size = 16972511, upload-time = "2026-08-09T13:45:47.094Z" },
    { url = "https://files.pythonhosted.org/packages/f2/9f/02e371638ebf19b66d46231e4be52999e87f32d1961b113bc45656608b22/numpy-2.5.2-cp313-cp313-musllinux_1_2_x86_64.whl", hash = "sha256:b9727f472d2f3888053b8a75ab0cb94745a9de224bb5846dbadc0092101bc71d", size = 18465609, upload-time = "2026-08-09T13:45:50.808Z" },
    { url = "https://files.pythonhosted.org/packages/eb/ae/ad6645abc7a3510fe48e8ea1ab4598166f500057ef4ebf38bfad4f1577de/numpy-2.5.2-cp313-cp313-win32.whl", hash = "sha256:4f9744f9fbdcea0bc552e8f19e1f141f811a3f9bc2be2cc6e86d982cab23e3f4", size = 6070204, upload-time = "2026-08-09T13:45:54.111Z" },
    { url = "https://files.pythonhosted.org/packages/15/20/f3489f86d81ea460b2bcdceaed094142ca6579f6be0ec527b781d39afe68/numpy-2.5.2-cp313-cp313-win_amd64.whl", hash = "sha256:85aaccb24182c25df891ad0ec333585967e115269d5f1b17f2c9ae005bc96657", size = 12460532, upload-time = "2026-08-09T13:45:57.167Z" },
    { url = "https://files.pythonhosted.org/packages/d5/21/35b31dde1b283b79de828b80f876afd8c94e28fe1e9c375f89e261cc4c0d/numpy-2.5.2-cp313-cp313-win_arm64.whl", hash = "sha256:bd68ece1553d2023c09a4226d9e41c586ad2d20594d1a456186c33513d2cb3f2", size = 10396725, upload-time = "2026-08-09T13:46:00.478Z" },
    { url = "https://files.pythonhosted.org/packages/ac/f8/c3b222bf075b50afd8e949a07a15c4b312a4a84bd8102a332bcd953cbbb4/numpy-2.5.2-cp314-cp314-macosx_10_15_x86_64.whl", hash = "sha256:d787cf769c3baeb5f6235e778edb52c08dfa923789b5958f28e6450f96107cb1", size = 16885180, upload-time = "2026-08-09T13:46:03.939Z" },
    { url = "https://files.pythonhosted.org/packages/17/e1/2c1d4b1987795a92b5bbf7c24fe249ab96aa2573ab0d7604802c189d7b86/numpy-2.5.2-cp314-cp314-macosx_11_0_arm64.whl", hash = "sha256:24b9dc2e3d84aa58523798805194e23e736f3f6ce2d1a5b92583ae734e6dbda8", size = 11907878, upload-time = "2026-08-09T13:46:07.045Z" },
    { url = "https://files.pythonhosted.org/packages/b9/ee/d08226fc858044355983a6e5b94f08ff6f3969e0a2b160a4a89f0ddb3445/numpy-2.5.2-cp314-cp314-macosx_14_0_arm64.whl", hash = "sha256:9e9413326d726c2545bfa65d2c0876871e8d8386e77f992c1d426e180bbd4323", size = 5354922, upload-time = "2026-08-09T13:46:10.04Z" },
    { url = "https://files.pythonhosted.org/packages/94/f0/6d3d933056440ebbc5e6bad92065fc6c26a48a84a36b1208580e94eea76c/numpy-2.5.2-cp314-cp314-macosx_14_0_x86_64.whl", hash = "sha256:60e902ac295855348a5ca2ea4c89108989a9f5fddfad3dfc0a8f36b10358567e", size = 6679168, upload-time = "2026-08-09T13:46:12.275Z" },
    { url = "https://files.pythonhosted.org/packages/c4/3b/ecd49dd90033cceb2704d88ca905d4d7d89b0e8c739608754ffd325fa820/numpy-2.5.2-cp314-cp314-manylinux_2_27_aarch64.manylinux_2_28_aarch64.whl", hash = "sha256:50e500dc868e9313530ce12ba470fe50ff3afe3d62993ed6eff652dacd555b65", size = 15624501, upload-time = "2026-08-09T13:46:15.322Z" },
    { url = "https://files.pythonhosted.org/packages/c7/99/461bd36dbdfac6c1c53efa370bd55a83227542d0d118f1677dbf1a3dacd5/numpy-2.5.2-cp314-cp314-manylinux_2_27_x86_64.manylinux_2_28_x86_64.whl", hash = "sha256:318b9a4c845dbea06708a29c84ee429cc3065048db34cdb799047643492050ee", size = 16713701, upload-time = "2026-08-09T13:46:18.949Z" },
    { url = "https://files.pythonhosted.org/packages/f9/9c/2b251df9e8a5d647b62b0cbc1b90a91850c1cf4859ecb532fd0b4eacff6c/numpy-2.5.2-cp314-cp314-musllinux_1_2_aarch64.whl", hash = "sha256:34c319e2963be042673fb46570501b2f06c41924e17e3563d58646b4380dfb68", size = 16986065, upload-time = "2026-08-09T13:46:23.006Z" },
    { url = "https://files.pythonhosted.org/packages/8f/25/20de43f53ff1390534a124475055a19f01fe10c920a0fd11b8e18d6d6052/numpy-2.5.2-cp314-cp314-musllinux_1_2_x86_64.whl", hash = "sha256:f06571a052127dc1b4e8b83029b4d1b20daa2b64a31cdd181fc6bc774e9000eb", size = 18470031, upload-time = "2026-08-09T13:46:27.102Z" },
    { url = "https://files.pythonhosted.org/packages/56/5e/0c577ca308d6da5eb79b546ba10bbe5b60148192194e2da060913b1de4f1/numpy-2.5.2-cp314-cp314-win32.whl", hash = "sha256:2cc779226e476d1e1f08c74068c419e60f41a9e0e069c92f6671d31d5c985e98", size = 6121028, upload-time = "2026-08-09T13:46:30.046Z" },
    { url = "https://files.pythonhosted.org/packages/15/5c/7bcbd5b11f94199073320410cddcbb80cee62415bfeb540874b265c2d922/numpy-2.5.2-cp314-cp314-win_amd64.whl", hash = "sha256:7587f53dfbd5edc0f7b87c6217b4c6d2d1f2ef9c3da70bc1315e7db5f8d7ec9d", size = 12597627, upload-time = "2026-08-09T13:46:32.886Z" },
    { url = "https://files.pythonhosted.org/packages/87/bc/4d0b06fba0da90ccc75af62823cb9dcedb6c9ea0cffa058cb2c9ee773a77/numpy-2.5.2-cp314-cp314-win_arm64.whl", hash = "sha256:3e4c367352d3747784248a227fbec218e193b56f7e6692e3b64fc805478ecfdf", size = 10680414, upload-time = "2026-08-09T13:46:36.036Z" },
    { url = "https://files.pythonhosted.org/packages/cd/17/f429aac9dc08833a0d0f188eba38c532a751b1a1f2ca6018a37b455cb321/numpy-2.5.2-cp314-cp314t-macosx_11_0_arm64.whl", hash = "sha256:b879fb674276e331513fb136b78dbc6bd3c848309e0d841cfd63be3896c4cfc1", size = 12026967, upload-time = "2026-08-09T13:46:39.084Z" },
    { url = "https://files.pythonhosted.org/packages/ca/9f/d0849de96a2a4ceaa16662f18ee13eaa9c0aa418269fdc8c4857c56b11da/numpy-2.5.2-cp314-cp314t-macosx_14_0_arm64.whl", hash = "sha256:fd0d703772bba096843785bd38371e31bb4a0c1151497ad5739d182114a73f7f", size = 5473874, upload-time = "2026-08-09T13:46:42.075Z" },
    { url = "https://files.pythonhosted.org/packages/89/3c/8df216d4a4a5422a3de045301cf7df8ea47286d76f5cb7160b0128ac26b7/numpy-2.5.2-cp314-cp314t-macosx_14_0_x86_64.whl", hash = "sha256:3a2f061cebd9e3d23bdcfaaded5e2293a4c6a5b60fa42df85d410a725ce621bf", size = 6789276, upload-time = "2026-08-09T13:46:44.387Z" },
    { url = "https://files.pythonhosted.org/packages/e6/3a/20d7e9891c4ddfadd6ff8d95bf4b29f353d8e1770553de2099880551dfb9/numpy-2.5.2-cp314-cp314t-manylinux_2_27_aarch64.manylinux_2_28_aarch64.whl", hash = "sha256:6df895598c0edcb41030126c89e0f353b07d93238116143b7405e937359736c4", size = 15659154, upload-time = "2026-08-09T13:46:47.538Z" },
    { url = "https://files.pythonhosted.org/packages/aa/d6/f3aa3d2688bf501b858835c6bd087ae9b51a56ae6fca8e2b0990abd177af/numpy-2.5.2-cp314-cp314t-manylinux_2_27_x86_64.manylinux_2_28_x86_64.whl", hash = "sha256:1ab3d4a901f844ea836c3e80bf463c6a27d7f3c14e8e292fcf28d348b25b9bce", size = 16748909, upload-time = "2026-08-09T13:46:51.442Z" },
    { url = "https://files.pythonhosted.org/packages/7d/8f/1c5cae8d2baf86ab802ae97a00be55bc7e21ebc11b12bbc33376c5f05342/numpy-2.5.2-cp314-cp314t-musllinux_1_2_aarch64.whl", hash = "sha256:cebc2d6dbb605a7703d59751dea4bd6b0ab127a5a4338a6f432df1936fef8b26", size = 17027685, upload-time = "2026-08-09T13:46:55.095Z" },
    { url = "https://files.pythonhosted.org/packages/5c/27/71d3467404aedc1c24ce79610f91b52b0b0f466c43a701aa56fc75c145ab/numpy-2.5.2-cp314-cp314t-musllinux_1_2_x86_64.whl", hash = "sha256:eaca7ff36f0f52e2111ec71f169d8fd3e889e7ddc0d2592e0d703fd8d3ce8fac", size = 18501181, upload-time = "2026-08-09T13:46:59.09Z" },
    { url = "https://files.pythonhosted.org/packages/14/2f/42921d27c40aea7e077f4a423ae509fd9220b028cd787bafefd8ab2b3a5f/numpy-2.5.2-cp314-cp314t-win32.whl", hash = "sha256:ddf47472af2e4280d79bac82304f5e80150211f1b9e614b760061d5fdfbb6eba", size = 6271085, upload-time = "2026-08-09T13:47:01.903Z" },
    { url = "https://files.pythonhosted.org/packages/75/e6/bad5f5d56de9b1971bac959963dda276d35c40f1854475005434bbe08692/numpy-2.5.2-cp314-cp314t-win_amd64.whl", hash = "sha256:44ef9675d908e65f9953063837c3277730f3f4437615a4cdab67b366cabaf884", size = 12787971, upload-time = "2026-08-09T13:47:04.963Z" },
    { url = "https://files.pythonhosted.org/packages/df/05/f608795cb34391acd67e38d94a3c36abd8d8576293a3a80727d7595c372c/numpy-2.5.2-cp314-cp314t-win_arm64.whl", hash = "sha256:eaa088384c46f519dacb93b7ec483a6d6b19a4a2085ae4f25ab9b1c43d387d1e", size = 10750306, upload-time = "2026-08-09T13:47:07.976Z" },
    { url = "https://files.pythonhosted.org/packages/33/c6/28de0191c5f82b7d42a0a51390ba98587048aa93a39fafb05bdbe6e8d00c/numpy-2.5.2-cp315-cp315-macosx_10_15_x86_64.whl", hash = "sha256:078f9b027b478c9379b9677babbf0f8b8f1ecfada27636d7b9a93990c638739f", size = 16885274, upload-time = "2026-08-09T13:47:11.439Z" },
    { url = "https://files.pythonhosted.org/packages/dd/d1/973ca116000d244897e468ea1aff30b589e5022e3c8744b71706fe33bd57/numpy-2.5.2-cp315-cp315-macosx_11_0_arm64.whl", hash = "sha256:50a68f4bacd8a2b33d8da3d2269d0d78500f86ea582e4786dc10f5ef2c2c6842", size = 11907846, upload-time = "2026-08-09T13:47:15.128Z" },
    { url = "https://files.pythonhosted.org/packages/78/d9/8c4b3937ef204cb2fd88d389ccd0f265a2ffb11f35a01d2064cf46714bd6/numpy-2.5.2-cp315-cp315-macosx_14_0_arm64.whl", hash = "sha256:e79aba74ffaf5f78a050d777c184cddf8fdffabab38acf5f3ef1fecbc17895d6", size = 5354892, upload-time = "2026-08-09T13:47:18.07Z" },
    { url = "https://files.pythonhosted.org/packages/74/9b/b6ee65ea2999fdb7023935e108e6fb776ee4082aa15f159acfa857e578c8/numpy-2.5.2-cp315-cp315-macosx_14_0_x86_64.whl", hash = "sha256:9a0731745a72a184490a582fb4af2533512bd071ace67785b5fdffc0ae58dce8", size = 6679309, upload-time = "2026-08-09T13:47:20.456Z" },
    { url = "https://files.pythonhosted.org/packages/43/f3/acb18d8b137a393c8e7803a8c994c9e64bde3930692a69d826993113a159/numpy-2.5.2-cp315-cp315-manylinux_2_27_aarch64.manylinux_2_28_aarch64.whl", hash = "sha256:4ec954036759bcee3aa484f8603bd9c14f3e776293b85578b8734c2d72777c69", size = 15625850, upload-time = "2026-08-09T13:47:24.365Z" },
    { url = "https://files.pythonhosted.org/packages/a9/bf/a8e9bb0db815a0e265b5744ebedd3af0bd5faad8604e5b50a1cd012f3c91/numpy-2.5.2-cp315-cp315-manylinux_2_27_x86_64.manylinux_2_28_x86_64.whl", hash = "sha256:dc649493697006bc90614a5f0bbc8cb3cb1866715c474e473694968d7e6b99ab", size = 16713664, upload-time = "2026-08-09T13:47:27.965Z" },
    { url = "https://files.pythonhosted.org/packages/0c/c3/6e913736b3dd6582344af32418b5fb9dab34282e8a8174ae1d54ceb0fc13/numpy-2.5.2-cp315-cp315-musllinux_1_2_aarch64.whl", hash = "sha256:cf7de32f486e4ac9e2d93b810f9e9ac72a728dd46a32a0bb403222f27f653514", size = 16986749, upload-time = "2026-08-09T13:47:31.541Z" },
    { url = "https://files.pythonhosted.org/packages/80/09/7d3b23eff5c7428ef6c01e6f7052bb60d504c4d33e317b36b8959c24ad97/numpy-2.5.2-cp315-cp315-musllinux_1_2_x86_64.whl", hash = "sha256:2ffa7bacab3e2ee1b19ed31766bb60bb380b68c23f051e199c5cc598afd68710", size = 18470495, upload-time = "2026-08-09T13:47:35.364Z" },
    { url = "https://files.pythonhosted.org/packages/a5/a4/68a321d825374f6eb677ffe8ef8c6b9a328304e6fd2e39d9530822776607/numpy-2.5.2-cp315-cp315-win32.whl", hash = "sha256:6b588cc8f902d6bff201c19fd00c43ab8545671e3554d014e12e14139e5e8617", size = 6120696, upload-time = "2026-08-09T13:47:38.561Z" },
    { url = "https://files.pythonhosted.org/packages/c8/23/deafbb1700f79fae9cd1e91220f133d124cc267de1b584da3fbf6db2f6cd/numpy-2.5.2-cp315-cp315-win_amd64.whl", hash = "sha256:07d4e89f3a9ab0a9ba24264ccdb642b3dd951b2281e8883a5481a4aa79cc31a7", size = 12597324, upload-time = "2026-08-09T13:47:41.401Z" },
    { url = "https://files.pythonhosted.org/packages/33/cd/3272ba105e3bbbdaeb11357eda31e7a6825ffe159e8171665660299a948f/numpy-2.5.2-cp315-cp315-win_arm64.whl", hash = "sha256:a610dc7e3c52edd39c2bc2375ff9c3fd59cb3ad00e4472d36f83bc1457145788", size = 10680466, upload-time = "2026-08-09T13:47:44.873Z" },
    { url = "https://files.pythonhosted.org/packages/0e/0e/58370637b1bb70a5c9ce2b43f4b521ccb224e36ccb76a6596b17ae4b447c/numpy-2.5.2-cp315-cp315t-macosx_10_15_x86_64.whl", hash = "sha256:40f4d451aed46a8046a1aae41c4e55fb3612273df9c502480135e1501576a34b", size = 16993947, upload-time = "2026-08-09T13:47:48.97Z" },
    { url = "https://files.pythonhosted.org/packages/10/93/2abcb807712b289d6d60fe4cf30532f98974a8396d885650f3ba5a13026e/numpy-2.5.2-cp315-cp315t-macosx_11_0_arm64.whl", hash = "sha256:c081cbe16ba1ab53078e5ff29013621e33c509eedab055775d956427712c236e", size = 12025331, upload-time = "2026-08-09T13:47:52.646Z" },
    { url = "https://files.pythonhosted.org/packages/8b/3a/2898e003a5fbaf87e76c039b4ee1f5eb390471b4ffe74887c1f34c4e791e/numpy-2.5.2-cp315-cp315t-macosx_14_0_arm64.whl", hash = "sha256:0090ccdd57ec2703e9b49d0bf554767370581c1dd0a6b2bb2b2d9def317d042a", size = 5472336, upload-time = "2026-08-09T13:47:55.403Z" },
    { url = "https://files.pythonhosted.org/packages/61/a5/23f69d07c544597b29758b31b55c27dc9d541012a2c1496189fef702aec2/numpy-2.5.2-cp315-cp315t-macosx_14_0_x86_64.whl", hash = "sha256:6a9bb119fb8dd21ba30b3f0e555b7e2b081bd9883af21ec9c1c633d161cda3a8", size = 6788387, upload-time = "2026-08-09T13:47:58.192Z" },
    { url = "https://files.pythonhosted.org/packages/15/ea/c0dbdbcf22f43782510a3e492dd3da73c6112b69cac8929d16d127536fc4/numpy-2.5.2-cp315-cp315t-manylinux_2_27_aarch64.manylinux_2_28_aarch64.whl", hash = "sha256:a839318485284a6fb31be4f8f2c91c8f2cb22f4543c4a8903f12b0671ffe07cc", size = 15667096, upload-time = "2026-08-09T13:48:01.562Z" },
    { url = "https://files.pythonhosted.org/packages/fc/5e/29c73c31748cdb0f7566642125ba17fd5b56780cddf891b085dab27e4466/numpy-2.5.2-cp315-cp315t-manylinux_2_27_x86_64.manylinux_2_28_x86_64.whl", hash = "sha256:ba0a474801b8dc67b66bf465548abc90e82b44d2611b5770f33008dcabffe8ec", size = 16751730, upload-time = "2026-08-09T13:48:05.706Z" },
    { url = "https://files.pythonhosted.org/packages/47/95/02501e8454796bb58dadf7a99d3181e0b464bf264e1003039572f9779fac/numpy-2.5.2-cp315-cp315t-musllinux_1_2_aarch64.whl", hash = "sha256:0a4035ae1129ff8777f08bfbd44f1e5d8e9c049ce0c2dd78fc0d92c13e7251c0", size = 17038686, upload-time = "2026-08-09T13:48:09.627Z" },
    { url = "https://files.pythonhosted.org/packages/0e/b5/53a681d91b5c82687067d8ea5035e02d917b5509d6f334cb06484a954714/numpy-2.5.2-cp315-cp315t-musllinux_1_2_x86_64.whl", hash = "sha256:77843ca236b777e67f8d6b3660ea116e499612703a0ecd7093f316201eb9d8e2", size = 18507727, upload-time = "2026-08-09T13:48:13.744Z" },
    { url = "https://files.pythonhosted.org/packages/42/06/6e11443f7b64ee376c860506091103bf68f92d2cab9e8d96d4501babf07c/numpy-2.5.2-cp315-cp315t-win32.whl", hash = "sha256:7354826bc6f8f69402e9b7fe28d15fcd34feebd74f856f111585c5b0c9fb0251", size = 6269775, upload-time = "2026-08-09T13:48:17.543Z" },
    { url = "https://files.pythonhosted.org/packages/f1/18/195d6b86cd72dbbc501edfa778005fa6b87afd34c153e46028cd3a0938f4/numpy-2.5.2-cp315-cp315t-win_amd64.whl", hash = "sha256:e5651f3f87add730ee6608d915009e19c911fba0cb000c7e3ea994b7d768eb12", size = 12782559, upload-time = "2026-08-09T13:48:21.023Z" },
    { url = "https://files.pythonhosted.org/packages/b4/07/458c344f0f0c178f4481dad5cca790626ffe4c34eabf9467069d06ee4999/numpy-2.5.2-cp315-cp315t-win_arm64.whl", hash = "sha256:5f8e00be2ec6f45f4e8a41a527f68d44a7d96fee92a650e4d8b1326f77f61e6e", size = 10748103, upload-time = "2026-08-09T13:48:24.21Z" },
]

[[package]]
name = "opentelemetry-api"
version = "1.44.0"
source = { registry = "https://pypi.org/simple" }
dependencies = [
    { name = "typing-extensions" },
]
sdist = { url = "https://files.pythonhosted.org/packages/ee/8b/aa9e2d8b8dfa7c946f7dec5d1f8f6ba8eca062f43509a06bdb5ce93d26c0/opentelemetry_api-1.44.0.tar.gz", hash = "sha256:67647e5e9566edcf421166fdf022b3537f818635daa852b289e34604dc6fb33a", size = 72406, upload-time = "2026-07-16T15:25:32.678Z" }
wheels = [
    { url = "https://files.pythonhosted.org/packages/ca/6f/a04e900f465ff3221ccc395522503e2d10e79fa21f2723c8e177aae1e0d1/opentelemetry_api-1.44.0-py3-none-any.whl", hash = "sha256:94b98c893a91b88657eaac1e3ba89618cdb85be6918196705354f34728b2cdef", size = 60018, upload-time = "2026-07-16T15:25:11.657Z" },
]

[[package]]
name = "opentelemetry-sdk"
version = "1.44.0"
source = { registry = "https://pypi.org/simple" }
dependencies = [
    { name = "opentelemetry-api" },
    { name = "opentelemetry-semantic-conventions" },
    { name = "typing-extensions" },
]
sdist = { url = "https://files.pythonhosted.org/packages/5d/77/a6592cbc7c8d9bcc9d6757a9df45e04a7c585e3e6e7a13456da522b21109/opentelemetry_sdk-1.44.0.tar.gz", hash = "sha256:cebe7f65dc12f26ead75c6064de12fd2a9052e5060c0272d402cfa203aae123b", size = 208624, upload-time = "2026-07-16T15:25:46.078Z" }
wheels = [
    { url = "https://files.pythonhosted.org/packages/e7/23/ff077e61886ee020a17ce9c8b6fa11c601c8d8345b09ea24f605445df62a/opentelemetry_sdk-1.44.0-py3-none-any.whl", hash = "sha256:df081c4c6bcfdb1211e3e86140376792643128a25f8d72d1d27675936e7e96ad", size = 137221, upload-time = "2026-07-16T15:25:29.534Z" },
]

[[package]]
name = "opentelemetry-semantic-conventions"
version = "0.65b0"
source = { registry = "https://pypi.org/simple" }
dependencies = [
    { name = "opentelemetry-api" },
    { name = "typing-extensions" },
]
sdist = { url = "https://files.pythonhosted.org/packages/8f/73/0cbdebcb4cf545fdd328da14f5137e37d0770c3f26185e478b0d15d94f50/opentelemetry_semantic_conventions-0.65b0.tar.gz", hash = "sha256:f9b2b81e9d5b64f11bc952075e7e9c7fb0aab075c7fd1c46d597f1b919852d60", size = 148774, upload-time = "2026-07-16T15:25:46.902Z" }
wheels = [
    { url = "https://files.pythonhosted.org/packages/a6/0e/49df70d9b81fb5cbae4bbf2a49d865b09bcbcbc4eb53f5851b1027738d78/opentelemetry_semantic_conventions-0.65b0-py3-none-any.whl", hash = "sha256:1cacde7b0ad306f84c5ef08c3dbe1bbaf20165bba6f8bff43b670e555a086bcb", size = 204645, upload-time = "2026-07-16T15:25:30.688Z" },
]

[[package]]
name = "packaging"
version = "26.3"
source = { registry = "https://pypi.org/simple" }
sdist = { url = "https://files.pythonhosted.org/packages/7d/fa/3944b40b07da9ce895c0e6303a5ab7d53da063554f534556b134a54d6093/packaging-26.3.tar.gz", hash = "sha256:94edc256424af38762eb31306eed28beb9f0efc50a8837492c9d6fd6004aed79", size = 313412, upload-time = "2026-08-04T18:15:28.737Z" }
wheels = [
    { url = "https://files.pythonhosted.org/packages/63/34/ba1c580383c9eada3711951fef0795c80b829a078d72188184bcab9dd527/packaging-26.3-py3-none-any.whl", hash = "sha256:d7193f7c8e4e93f444fde0262bf90af30e16fa0ad0ad44cb553c87339b23cd1c", size = 129956, upload-time = "2026-08-04T18:15:27.159Z" },
]

[[package]]
name = "pluggy"
version = "1.6.0"
source = { registry = "https://pypi.org/simple" }
sdist = { url = "https://files.pythonhosted.org/packages/f9/e2/3e91f31a7d2b083fe6ef3fa267035b518369d9511ffab804f839851d2779/pluggy-1.6.0.tar.gz", hash = "sha256:7dcc130b76258d33b90f61b658791dede3486c3e6bfb003ee5c9bfb396dd22f3", size = 69412, upload-time = "2025-05-15T12:30:07.975Z" }
wheels = [
    { url = "https://files.pythonhosted.org/packages/54/20/4d324d65cc6d9205fabedc306948156824eb9f0ee1633355a8f7ec5c66bf/pluggy-1.6.0-py3-none-any.whl", hash = "sha256:e920276dd6813095e9377c0bc5566d94c932c33b27a3e3945d8389c374dd4746", size = 20538, upload-time = "2025-05-15T12:30:06.134Z" },
]

[[package]]
name = "pygments"
version = "2.21.0"
source = { registry = "https://pypi.org/simple" }
sdist = { url = "https://files.pythonhosted.org/packages/49/2e/ced460408999b33da6b31b0021b0f37d329e202d4169aeb164493778f25b/pygments-2.21.0.tar.gz", hash = "sha256:610ca751c9bc2492b38eb9a38a7fbc93edbbb2d7182edaf34e66ae493dee5c8c", size = 5005329, upload-time = "2026-08-17T08:02:48.824Z" }
wheels = [
    { url = "https://files.pythonhosted.org/packages/71/46/17f022dd3e953bf20a04a028a21ec746d942f8d2af30fa0f124fa0e6a684/pygments-2.21.0-py3-none-any.whl", hash = "sha256:2363c69b61c4a97c838da3b130dcd6468f4848992b21a82f2a63ec34377137d9", size = 1250147, upload-time = "2026-08-17T08:02:44.912Z" },
]

[[package]]
name = "pyopengl"
version = "3.1.10"
source = { registry = "https://pypi.org/simple" }
sdist = { url = "https://files.pythonhosted.org/packages/6f/16/912b7225d56284859cd9a672827f18be43f8012f8b7b932bc4bd959a298e/pyopengl-3.1.10.tar.gz", hash = "sha256:c4a02d6866b54eb119c8e9b3fb04fa835a95ab802dd96607ab4cdb0012df8335", size = 1915580, upload-time = "2025-08-18T02:33:01.76Z" }
wheels = [
    { url = "https://files.pythonhosted.org/packages/de/e4/1ba6f44e491c4eece978685230dde56b14d51a0365bc1b774ddaa94d14cd/pyopengl-3.1.10-py3-none-any.whl", hash = "sha256:794a943daced39300879e4e47bd94525280685f42dbb5a998d336cfff151d74f", size = 3194996, upload-time = "2025-08-18T02:32:59.902Z" },
]

[[package]]
name = "pytest"
version = "9.1.1"
source = { registry = "https://pypi.org/simple" }
dependencies = [
    { name = "colorama", marker = "sys_platform == 'win32'" },
    { name = "iniconfig" },
    { name = "packaging" },
    { name = "pluggy" },
    { name = "pygments" },
]
sdist = { url = "https://files.pythonhosted.org/packages/e4/47/b9efed96c114afcfa3c9d3fe98a76a1d14c74a9e266d397cf6eb64be5e01/pytest-9.1.1.tar.gz", hash = "sha256:1088fbde8f2b49d95a549a195707afa7a76a3ce9bcadc26b6d71f0ffda5fe313", size = 1636369, upload-time = "2026-06-19T10:58:32.857Z" }
wheels = [
    { url = "https://files.pythonhosted.org/packages/24/25/1de2678b631f5a49215c6c96fff41ba892b0a34df68d6d80292b1b48aa7f/pytest-9.1.1-py3-none-any.whl", hash = "sha256:37a86b45efb9a47a61a36449063e8e18d0cab3161329fc099eb21783169c4f0c", size = 386536, upload-time = "2026-06-19T10:58:31.347Z" },
]

[[package]]
name = "pytest-asyncio"
version = "1.4.0"
source = { registry = "https://pypi.org/simple" }
dependencies = [
    { name = "pytest" },
    { name = "typing-extensions", marker = "python_full_version < '3.13'" },
]
sdist = { url = "https://files.pythonhosted.org/packages/43/7c/d36d04db312ecf4298932ef77e6e4a9e8ad017906e24e34f0b0c361a2473/pytest_asyncio-1.4.0.tar.gz", hash = "sha256:c6c0d2259945122819f171a32ecea2c349ead889ee28176caaf492143424be42", size = 58514, upload-time = "2026-05-26T09:56:04.083Z" }
wheels = [
    { url = "https://files.pythonhosted.org/packages/03/e2/08a497ef684b88559c9cc5f4ad53a37e7b99e727094a86d6ea32536d5d3c/pytest_asyncio-1.4.0-py3-none-any.whl", hash = "sha256:933ca923a23075a87fb7070c0ec272a6848489824d887c85c812670932835aa1", size = 16930, upload-time = "2026-05-26T09:56:02.576Z" },
]

[[package]]
name = "typing-extensions"
version = "4.16.0"
source = { registry = "https://pypi.org/simple" }
sdist = { url = "https://files.pythonhosted.org/packages/f6/cc/6253133b5bb138fc3306cebfbda2c520f545d36b5be2c7255cc528bb45d6/typing_extensions-4.16.0.tar.gz", hash = "sha256:dc983d19a509c94dba722ee6abd33940f7c05a89e243c47e907eb4db6f1a43e5", size = 113555, upload-time = "2026-07-02T08:40:05.92Z" }
wheels = [
    { url = "https://files.pythonhosted.org/packages/49/d3/b8441a820a491ddfc024b0b0cf0393375b75ea13866d9c66727e54c2fc80/typing_extensions-4.16.0-py3-none-any.whl", hash = "sha256:481caa481374e813c1b176ada14e97f1f67a4539ce9cfeb3f350d78d6370c2e8", size = 45571, upload-time = "2026-07-02T08:40:04.659Z" },
]

[[package]]
name = "zipp"
version = "4.1.0"
source = { registry = "https://pypi.org/simple" }
sdist = { url = "https://files.pythonhosted.org/packages/b9/d8/eab98a517c14134c0b2eb4e2387bc5f457334293ec5d2dd3857ec2966802/zipp-4.1.0.tar.gz", hash = "sha256:4cb57381f544315db7688e976e922a2b18cdb513d21cc194eb42232ba2a3e602", size = 26214, upload-time = "2026-05-18T20:08:57.967Z" }
wheels = [
    { url = "https://files.pythonhosted.org/packages/3a/13/547360d81e6d88d58492968ffda9f9542854f11310ee556fef14260cc886/zipp-4.1.0-py3-none-any.whl", hash = "sha256:25ad4e16390cd314347dd8f1de67a2ac538ae658ed4ab9db16029c07c188e97f", size = 10238, upload-time = "2026-05-18T20:08:57.045Z" },
]
